
Microsoft Visual Studio Solution File, Format Version 12.00
# Visual Studio Version 16
VisualStudioVersion = 16.0.30114.105
MinimumVisualStudioVersion = 10.0.40219.1
Project("{F2A71F9B-5D33-465A-A702-920D77279786}") = "library", "library\library.fsproj", "{5C97D185-B4AA-47DE-B122-65A576333030}"
EndProject
Project("{F2A71F9B-5D33-465A-A702-920D77279786}") = "tests", "tests\tests.fsproj", "{7D5F2C9D-6E36-46A4-8499-695C25D5B565}"
EndProject
Global
	GlobalSection(SolutionConfigurationPlatforms) = preSolution
		Debug|Any CPU = Debug|Any CPU
		Debug|x64 = Debug|x64
		Debug|x86 = Debug|x86
		Release|Any CPU = Release|Any CPU
		Release|x64 = Release|x64
		Release|x86 = Release|x86
	EndGlobalSection
	GlobalSection(SolutionProperties) = preSolution
		HideSolutionNode = FALSE
	EndGlobalSection
	GlobalSection(ProjectConfigurationPlatforms) = postSolution
		{5C97D185-B4AA-47DE-B122-65A576333030}.Debug|Any CPU.ActiveCfg = Debug|Any CPU
		{5C97D185-B4AA-47DE-B122-65A576333030}.Debug|Any CPU.Build.0 = Debug|Any CPU
		{5C97D185-B4AA-47DE-B122-65A576333030}.Debug|x64.ActiveCfg = Debug|Any CPU
		{5C97D185-B4AA-47DE-B122-65A576333030}.Debug|x64.Build.0 = Debug|Any CPU
		{5C97D185-B4AA-47DE-B122-65A576333030}.Debug|x86.ActiveCfg = Debug|Any CPU
		{5C97D185-B4AA-47DE-B122-65A576333030}.Debug|x86.Build.0 = Debug|Any CPU
		{5C97D185-B4AA-47DE-B122-65A576333030}.Release|Any CPU.ActiveCfg = Release|Any CPU
		{5C97D185-B4AA-47DE-B122-65A576333030}.Release|Any CPU.Build.0 = Release|Any CPU
		{5C97D185-B4AA-47DE-B122-65A576333030}.Release|x64.ActiveCfg = Release|Any CPU
		{5C97D185-B4AA-47DE-B122-65A576333030}.Release|x64.Build.0 = Release|Any CPU
		{5C97D185-B4AA-47DE-B122-65A576333030}.Release|x86.ActiveCfg = Release|Any CPU
		{5C97D185-B4AA-47DE-B122-65A576333030}.Release|x86.Build.0 = Release|Any CPU
		{7D5F2C9D-6E36-46A4-8499-695C25D5B565}.Debug|Any CPU.ActiveCfg = Debug|Any CPU
		{7D5F2C9D-6E36-46A4-8499-695C25D5B565}.Debug|Any CPU.Build.0 = Debug|Any CPU
		{7D5F2C9D-6E36-46A4-8499-695C25D5B565}.Debug|x64.ActiveCfg = Debug|Any CPU
		{7D5F2C9D-6E36-46A4-8499-695C25D5B565}.Debug|x64.Build.0 = Debug|Any CPU
		{7D5F2C9D-6E36-46A4-8499-695C25D5B565}.Debug|x86.ActiveCfg = Debug|Any CPU
		{7D5F2C9D-6E36-46A4-8499-695C25D5B565}.Debug|x86.Build.0 = Debug|Any CPU
		{7D5F2C9D-6E36-46A4-8499-695C25D5B565}.Release|Any CPU.ActiveCfg = Release|Any CPU
		{7D5F2C9D-6E36-46A4-8499-695C25D5B565}.Release|Any CPU.Build.0 = Release|Any CPU
		{7D5F2C9D-6E36-46A4-8499-695C25D5B565}.Release|x64.ActiveCfg = Release|Any CPU
		{7D5F2C9D-6E36-46A4-8499-695C25D5B565}.Release|x64.Build.0 = Release|Any CPU
		{7D5F2C9D-6E36-46A4-8499-695C25D5B565}.Release|x86.ActiveCfg = Release|Any CPU
		{7D5F2C9D-6E36-46A4-8499-695C25D5B565}.Release|x86.Build.0 = Release|Any CPU
	EndGlobalSection
EndGlobal
